
Microsoft Visual Studio Solution File, Format Version 12.00
# Visual Studio Version 17
VisualStudioVersion = 17.12.35527.113
MinimumVisualStudioVersion = 10.0.40219.1
Project("{FAE04EC0-301F-11D3-BF4B-00C04F79EFBC}") = "Lambdas", "Lambdas\Lambdas.csproj", "{641EC2AF-7DD5-4CAB-9184-D286B5B93934}"
EndProject
Project("{FAE04EC0-301F-11D3-BF4B-00C04F79EFBC}") = "Generics", "Generics\Generics.csproj", "{EC5AE6A1-DE52-4F40-9CC2-F76A95FF8DD5}"
EndProject
Project("{FAE04EC0-301F-11D3-BF4B-00C04F79EFBC}") = "Yield", "Yield\Yield.csproj", "{8CA16E9C-C4FD-4BC9-8EB9-7A2072BAAA5F}"
EndProject
Project("{FAE04EC0-301F-11D3-BF4B-00C04F79EFBC}") = "Delegates", "Delegates\Delegates.csproj", "{83AC0519-A699-46E8-B421-83567E6E3A40}"
EndProject
Project("{FAE04EC0-301F-11D3-BF4B-00C04F79EFBC}") = "LINQ", "LINQ\LINQ.csproj", "{4E2A5DED-B253-4DB3-B30E-FAADA87FFF3A}"
EndProject
Global
	GlobalSection(SolutionConfigurationPlatforms) = preSolution
		Debug|Any CPU = Debug|Any CPU
		Release|Any CPU = Release|Any CPU
	EndGlobalSection
	GlobalSection(ProjectConfigurationPlatforms) = postSolution
		{641EC2AF-7DD5-4CAB-9184-D286B5B93934}.Debug|Any CPU.ActiveCfg = Debug|Any CPU
		{641EC2AF-7DD5-4CAB-9184-D286B5B93934}.Debug|Any CPU.Build.0 = Debug|Any CPU
		{641EC2AF-7DD5-4CAB-9184-D286B5B93934}.Release|Any CPU.ActiveCfg = Release|Any CPU
		{641EC2AF-7DD5-4CAB-9184-D286B5B93934}.Release|Any CPU.Build.0 = Release|Any CPU
		{EC5AE6A1-DE52-4F40-9CC2-F76A95FF8DD5}.Debug|Any CPU.ActiveCfg = Debug|Any CPU
		{EC5AE6A1-DE52-4F40-9CC2-F76A95FF8DD5}.Debug|Any CPU.Build.0 = Debug|Any CPU
		{EC5AE6A1-DE52-4F40-9CC2-F76A95FF8DD5}.Release|Any CPU.ActiveCfg = Release|Any CPU
		{EC5AE6A1-DE52-4F40-9CC2-F76A95FF8DD5}.Release|Any CPU.Build.0 = Release|Any CPU
		{8CA16E9C-C4FD-4BC9-8EB9-7A2072BAAA5F}.Debug|Any CPU.ActiveCfg = Debug|Any CPU
		{8CA16E9C-C4FD-4BC9-8EB9-7A2072BAAA5F}.Debug|Any CPU.Build.0 = Debug|Any CPU
		{8CA16E9C-C4FD-4BC9-8EB9-7A2072BAAA5F}.Release|Any CPU.ActiveCfg = Release|Any CPU
		{8CA16E9C-C4FD-4BC9-8EB9-7A2072BAAA5F}.Release|Any CPU.Build.0 = Release|Any CPU
		{83AC0519-A699-46E8-B421-83567E6E3A40}.Debug|Any CPU.ActiveCfg = Debug|Any CPU
		{83AC0519-A699-46E8-B421-83567E6E3A40}.Debug|Any CPU.Build.0 = Debug|Any CPU
		{83AC0519-A699-46E8-B421-83567E6E3A40}.Release|Any CPU.ActiveCfg = Release|Any CPU
		{83AC0519-A699-46E8-B421-83567E6E3A40}.Release|Any CPU.Build.0 = Release|Any CPU
		{4E2A5DED-B253-4DB3-B30E-FAADA87FFF3A}.Debug|Any CPU.ActiveCfg = Debug|Any CPU
		{4E2A5DED-B253-4DB3-B30E-FAADA87FFF3A}.Debug|Any CPU.Build.0 = Debug|Any CPU
		{4E2A5DED-B253-4DB3-B30E-FAADA87FFF3A}.Release|Any CPU.ActiveCfg = Release|Any CPU
		{4E2A5DED-B253-4DB3-B30E-FAADA87FFF3A}.Release|Any CPU.Build.0 = Release|Any CPU
	EndGlobalSection
	GlobalSection(SolutionProperties) = preSolution
		HideSolutionNode = FALSE
	EndGlobalSection
EndGlobal
